
Microsoft Visual Studio Solution File, Format Version 12.00
# Visual Studio Version 16
VisualStudioVersion = 16.0.29905.134
MinimumVisualStudioVersion = 10.0.40219.1
Project("{FAE04EC0-301F-11D3-BF4B-00C04F79EFBC}") = "tic-tac-toe", "tic-tac-toe.csproj", "{D02755D0-51DB-4E57-B7F0-BBB6A6AF8E4A}"
EndProject
Global
	GlobalSection(SolutionConfigurationPlatforms) = preSolution
		Debug|Any CPU = Debug|Any CPU
		Release|Any CPU = Release|Any CPU
	EndGlobalSection
	GlobalSection(ProjectConfigurationPlatforms) = postSolution
		{D02755D0-51DB-4E57-B7F0-BBB6A6AF8E4A}.Debug|Any CPU.ActiveCfg = Debug|Any CPU
		{D02755D0-51DB-4E57-B7F0-BBB6A6AF8E4A}.Debug|Any CPU.Build.0 = Debug|Any CPU
		{D02755D0-51DB-4E57-B7F0-BBB6A6AF8E4A}.Release|Any CPU.ActiveCfg = Release|Any CPU
		{D02755D0-51DB-4E57-B7F0-BBB6A6AF8E4A}.Release|Any CPU.Build.0 = Release|Any CPU
	EndGlobalSection
	GlobalSection(SolutionProperties) = preSolution
		HideSolutionNode = FALSE
	EndGlobalSection
	GlobalSection(ExtensibilityGlobals) = postSolution
		SolutionGuid = {9567C85B-EEF6-471A-95DB-7245F78383FC}
	EndGlobalSection
EndGlobal
